# @generated - this file is auto-generated by `mise lock` https://mise.jdx.dev/dev-tools/mise-lock.html

[[tools.actionlint]]
version = "1.7.12"
backend = "aqua:rhysd/actionlint"

[tools.actionlint."platforms.linux-arm64"]
checksum = "sha256:325e971b6ba9bfa504672e29be93c24981eeb1c07576d730e9f7c8805afff0c6"
url = "https://github.com/rhysd/actionlint/releases/download/v1.7.12/actionlint_1.7.12_linux_arm64.tar.gz"
url_api = "https://api.github.com/repos/rhysd/actionlint/releases/assets/384924897"
provenance = "github-attestations"

[tools.actionlint."platforms.linux-arm64-musl"]
checksum = "sha256:325e971b6ba9bfa504672e29be93c24981eeb1c07576d730e9f7c8805afff0c6"
url = "https://github.com/rhysd/actionlint/releases/download/v1.7.12/actionlint_1.7.12_linux_arm64.tar.gz"
url_api = "https://api.github.com/repos/rhysd/actionlint/releases/assets/384924897"
provenance = "github-attestations"

[tools.actionlint."platforms.linux-x64"]
checksum = "sha256:8aca8db96f1b94770f1b0d72b6dddcb1ebb8123cb3712530b08cc387b349a3d8"
url = "https://github.com/rhysd/actionlint/releases/download/v1.7.12/actionlint_1.7.12_linux_amd64.tar.gz"
url_api = "https://api.github.com/repos/rhysd/actionlint/releases/assets/384924896"
provenance = "github-attestations"

[tools.actionlint."platforms.linux-x64-musl"]
checksum = "sha256:8aca8db96f1b94770f1b0d72b6dddcb1ebb8123cb3712530b08cc387b349a3d8"
url = "https://github.com/rhysd/actionlint/releases/download/v1.7.12/actionlint_1.7.12_linux_amd64.tar.gz"
url_api = "https://api.github.com/repos/rhysd/actionlint/releases/assets/384924896"
provenance = "github-attestations"

[tools.actionlint."platforms.macos-arm64"]
checksum = "sha256:aba9ced2dee8d27fecca3dc7feb1a7f9a52caefa1eb46f3271ea66b6e0e6953f"
url = "https://github.com/rhysd/actionlint/releases/download/v1.7.12/actionlint_1.7.12_darwin_arm64.tar.gz"
url_api = "https://api.github.com/repos/rhysd/actionlint/releases/assets/384924893"
provenance = "github-attestations"

[tools.actionlint."platforms.macos-x64"]
checksum = "sha256:5b44c3bc2255115c9b69e30efc0fecdf498fdb63c5d58e17084fd5f16324c644"
url = "https://github.com/rhysd/actionlint/releases/download/v1.7.12/actionlint_1.7.12_darwin_amd64.tar.gz"
url_api = "https://api.github.com/repos/rhysd/actionlint/releases/assets/384924880"
provenance = "github-attestations"

[tools.actionlint."platforms.windows-x64"]
checksum = "sha256:6e7241b51e6817ea6a047693d8e6fed13b31819c9a0dd6c5a726e1592d22f6e9"
url = "https://github.com/rhysd/actionlint/releases/download/v1.7.12/actionlint_1.7.12_windows_amd64.zip"
url_api = "https://api.github.com/repos/rhysd/actionlint/releases/assets/384924919"
provenance = "github-attestations"

[[tools."github:editorconfig-checker/editorconfig-checker"]]
version = "3.8.0"
backend = "github:editorconfig-checker/editorconfig-checker"

[tools."github:editorconfig-checker/editorconfig-checker"."platforms.linux-arm64"]
checksum = "sha256:47f7ea8950ae21614e62a311e4fe9c998951ec7d1c88788e3538e11a0be73ff0"
url = "https://github.com/editorconfig-checker/editorconfig-checker/releases/download/v3.8.0/editorconfig-checker-linux-arm64.tar.gz"
url_api = "https://api.github.com/repos/editorconfig-checker/editorconfig-checker/releases/assets/460248473"

[tools."github:editorconfig-checker/editorconfig-checker"."platforms.linux-arm64-musl"]
checksum = "sha256:47f7ea8950ae21614e62a311e4fe9c998951ec7d1c88788e3538e11a0be73ff0"
url = "https://github.com/editorconfig-checker/editorconfig-checker/releases/download/v3.8.0/editorconfig-checker-linux-arm64.tar.gz"
url_api = "https://api.github.com/repos/editorconfig-checker/editorconfig-checker/releases/assets/460248473"

[tools."github:editorconfig-checker/editorconfig-checker"."platforms.linux-x64"]
checksum = "sha256:5bda1d502d9a0bbd3caa0ef1d1e3b8ee496a18f226f69e0be06d24a0c8ae0237"
url = "https://github.com/editorconfig-checker/editorconfig-checker/releases/download/v3.8.0/editorconfig-checker-linux-amd64.tar.gz"
url_api = "https://api.github.com/repos/editorconfig-checker/editorconfig-checker/releases/assets/460248486"

[tools."github:editorconfig-checker/editorconfig-checker"."platforms.linux-x64-musl"]
checksum = "sha256:5bda1d502d9a0bbd3caa0ef1d1e3b8ee496a18f226f69e0be06d24a0c8ae0237"
url = "https://github.com/editorconfig-checker/editorconfig-checker/releases/download/v3.8.0/editorconfig-checker-linux-amd64.tar.gz"
url_api = "https://api.github.com/repos/editorconfig-checker/editorconfig-checker/releases/assets/460248486"

[tools."github:editorconfig-checker/editorconfig-checker"."platforms.macos-arm64"]
checksum = "sha256:73bbb23c24b94c9e61d7ed3694cc313943c59e5e8bc5bee9f186a997a45eb046"
url = "https://github.com/editorconfig-checker/editorconfig-checker/releases/download/v3.8.0/ec-darwin-arm64.tar.gz"
url_api = "https://api.github.com/repos/editorconfig-checker/editorconfig-checker/releases/assets/460248516"

[tools."github:editorconfig-checker/editorconfig-checker"."platforms.macos-x64"]
checksum = "sha256:ee0d45c94b9808a5aa15e08f94333a81842b456f511f29f71a8fe589b82d72a1"
url = "https://github.com/editorconfig-checker/editorconfig-checker/releases/download/v3.8.0/ec-darwin-amd64.tar.gz"
url_api = "https://api.github.com/repos/editorconfig-checker/editorconfig-checker/releases/assets/460248506"

[tools."github:editorconfig-checker/editorconfig-checker"."platforms.windows-x64"]
checksum = "sha256:9fd802b75ae71b2005907ff3300e0efa1a2de3c9c02280e2fffc79fa31259ad3"
url = "https://github.com/editorconfig-checker/editorconfig-checker/releases/download/v3.8.0/editorconfig-checker-windows-amd64.zip"
url_api = "https://api.github.com/repos/editorconfig-checker/editorconfig-checker/releases/assets/460248471"

[[tools."github:redhat-developer/vscode-xml"]]
version = "0.29.3"
backend = "github:redhat-developer/vscode-xml"

[tools."github:redhat-developer/vscode-xml"."platforms.linux-arm64"]
checksum = "sha256:0b88a49e83c2611282672f5123ce33abf1371c8e3c55cad6ee45ea00626ffa1b"
url = "https://github.com/redhat-developer/vscode-xml/releases/download/0.29.3/lemminx-linux-aarch_64.zip"
url_api = "https://api.github.com/repos/redhat-developer/vscode-xml/releases/assets/441754465"

[tools."github:redhat-developer/vscode-xml"."platforms.linux-arm64-musl"]
checksum = "sha256:0b88a49e83c2611282672f5123ce33abf1371c8e3c55cad6ee45ea00626ffa1b"
url = "https://github.com/redhat-developer/vscode-xml/releases/download/0.29.3/lemminx-linux-aarch_64.zip"
url_api = "https://api.github.com/repos/redhat-developer/vscode-xml/releases/assets/441754465"

[tools."github:redhat-developer/vscode-xml"."platforms.linux-x64"]
checksum = "sha256:1acc44e24201c1d2f5ccb4e43e7426ed0df6909207a81ff199810e2808104d89"
url = "https://github.com/redhat-developer/vscode-xml/releases/download/0.29.3/lemminx-linux-x86_64.zip"
url_api = "https://api.github.com/repos/redhat-developer/vscode-xml/releases/assets/441754483"

[tools."github:redhat-developer/vscode-xml"."platforms.linux-x64-musl"]
checksum = "sha256:1acc44e24201c1d2f5ccb4e43e7426ed0df6909207a81ff199810e2808104d89"
url = "https://github.com/redhat-developer/vscode-xml/releases/download/0.29.3/lemminx-linux-x86_64.zip"
url_api = "https://api.github.com/repos/redhat-developer/vscode-xml/releases/assets/441754483"

[tools."github:redhat-developer/vscode-xml"."platforms.macos-arm64"]
checksum = "sha256:185db5630ce85be43ea0fab034e7841b1327c2793db05ab481e029cf493d86ce"
url = "https://github.com/redhat-developer/vscode-xml/releases/download/0.29.3/lemminx-osx-aarch_64.zip"
url_api = "https://api.github.com/repos/redhat-developer/vscode-xml/releases/assets/441754507"

[tools."github:redhat-developer/vscode-xml"."platforms.macos-x64"]
checksum = "sha256:9e56123194b5c1fdc7d87f1bd21c83cc996ba7be913def3a2836a13305bcd273"
url = "https://github.com/redhat-developer/vscode-xml/releases/download/0.29.3/lemminx-osx-x86_64.zip"
url_api = "https://api.github.com/repos/redhat-developer/vscode-xml/releases/assets/441754520"

[tools."github:redhat-developer/vscode-xml"."platforms.windows-x64"]
checksum = "sha256:7eaefaac68253b0ec8e0ad1f1c0f2d0755423d4e99e52497428b52f80df28eb7"
url = "https://github.com/redhat-developer/vscode-xml/releases/download/0.29.3/lemminx-win32.zip"
url_api = "https://api.github.com/repos/redhat-developer/vscode-xml/releases/assets/441754536"

[[tools."go:github.com/hashicorp/hcl/v2/cmd/hclfmt"]]
version = "2.24.0"
backend = "go:github.com/hashicorp/hcl/v2/cmd/hclfmt"

[[tools."go:golang.org/x/tools/cmd/goimports"]]
version = "0.48.0"
backend = "go:golang.org/x/tools/cmd/goimports"

[[tools."go:golang.org/x/tools/gopls"]]
version = "0.23.0"
backend = "go:golang.org/x/tools/gopls"

[[tools.golangci-lint]]
version = "2.12.2"
backend = "aqua:golangci/golangci-lint"

[tools.golangci-lint."platforms.linux-arm64"]
checksum = "sha256:44cd40a8c76c86755375adfeea52cfd3533cb43d7bd647771e0ae065e166df3a"
url = "https://github.com/golangci/golangci-lint/releases/download/v2.12.2/golangci-lint-2.12.2-linux-arm64.tar.gz"
url_api = "https://api.github.com/repos/golangci/golangci-lint/releases/assets/413470996"
provenance = "github-attestations"

[tools.golangci-lint."platforms.linux-arm64-musl"]
checksum = "sha256:44cd40a8c76c86755375adfeea52cfd3533cb43d7bd647771e0ae065e166df3a"
url = "https://github.com/golangci/golangci-lint/releases/download/v2.12.2/golangci-lint-2.12.2-linux-arm64.tar.gz"
url_api = "https://api.github.com/repos/golangci/golangci-lint/releases/assets/413470996"
provenance = "github-attestations"

[tools.golangci-lint."platforms.linux-x64"]
checksum = "sha256:8df580d2670fed8fa984aac0507099af8df275e665215f5c7a2ae3943893a553"
url = "https://github.com/golangci/golangci-lint/releases/download/v2.12.2/golangci-lint-2.12.2-linux-amd64.tar.gz"
url_api = "https://api.github.com/repos/golangci/golangci-lint/releases/assets/413471054"
provenance = "github-attestations"

[tools.golangci-lint."platforms.linux-x64-musl"]
checksum = "sha256:8df580d2670fed8fa984aac0507099af8df275e665215f5c7a2ae3943893a553"
url = "https://github.com/golangci/golangci-lint/releases/download/v2.12.2/golangci-lint-2.12.2-linux-amd64.tar.gz"
url_api = "https://api.github.com/repos/golangci/golangci-lint/releases/assets/413471054"
provenance = "github-attestations"

[tools.golangci-lint."platforms.macos-arm64"]
checksum = "sha256:a9c54498731b3128f79e090be6110f3e5fffccc617b08142ed244d4126c73f29"
url = "https://github.com/golangci/golangci-lint/releases/download/v2.12.2/golangci-lint-2.12.2-darwin-arm64.tar.gz"
url_api = "https://api.github.com/repos/golangci/golangci-lint/releases/assets/413470950"
provenance = "github-attestations"

[tools.golangci-lint."platforms.macos-x64"]
checksum = "sha256:f6f06d94b6241521c53d15450c5209b028270bf966f842afb11c030c79f5bc16"
url = "https://github.com/golangci/golangci-lint/releases/download/v2.12.2/golangci-lint-2.12.2-darwin-amd64.tar.gz"
url_api = "https://api.github.com/repos/golangci/golangci-lint/releases/assets/413470980"
provenance = "github-attestations"

[tools.golangci-lint."platforms.windows-x64"]
checksum = "sha256:bd42e3ebc8cb4ececb86941983baaf1dc221bbb04d838e94ce63b49cc91e02bb"
url = "https://github.com/golangci/golangci-lint/releases/download/v2.12.2/golangci-lint-2.12.2-windows-amd64.zip"
url_api = "https://api.github.com/repos/golangci/golangci-lint/releases/assets/413471017"
provenance = "github-attestations"

[[tools.lua-language-server]]
version = "3.18.2"
backend = "aqua:LuaLS/lua-language-server"

[tools.lua-language-server."platforms.linux-arm64"]
checksum = "sha256:273af33f26f4a1143f27c96d9f9e1188aba619c71e0807042134f66b4bd27f24"
url = "https://github.com/LuaLS/lua-language-server/releases/download/3.18.2/lua-language-server-3.18.2-linux-arm64.tar.gz"
url_api = "https://api.github.com/repos/LuaLS/lua-language-server/releases/assets/396268278"

[tools.lua-language-server."platforms.linux-arm64-musl"]
checksum = "sha256:273af33f26f4a1143f27c96d9f9e1188aba619c71e0807042134f66b4bd27f24"
url = "https://github.com/LuaLS/lua-language-server/releases/download/3.18.2/lua-language-server-3.18.2-linux-arm64.tar.gz"
url_api = "https://api.github.com/repos/LuaLS/lua-language-server/releases/assets/396268278"

[tools.lua-language-server."platforms.linux-x64"]
checksum = "sha256:ca71415dd19f19e30aaa35a4915aefca9fdb5fec31b98331cc3d77f778d539c5"
url = "https://github.com/LuaLS/lua-language-server/releases/download/3.18.2/lua-language-server-3.18.2-linux-x64.tar.gz"
url_api = "https://api.github.com/repos/LuaLS/lua-language-server/releases/assets/396268957"

[tools.lua-language-server."platforms.linux-x64-musl"]
checksum = "sha256:ca71415dd19f19e30aaa35a4915aefca9fdb5fec31b98331cc3d77f778d539c5"
url = "https://github.com/LuaLS/lua-language-server/releases/download/3.18.2/lua-language-server-3.18.2-linux-x64.tar.gz"
url_api = "https://api.github.com/repos/LuaLS/lua-language-server/releases/assets/396268957"

[tools.lua-language-server."platforms.macos-arm64"]
checksum = "sha256:cec99d70b1f612acec4a10a79a03664e3aa0c229d4d8a586cb3f928ec37d509e"
url = "https://github.com/LuaLS/lua-language-server/releases/download/3.18.2/lua-language-server-3.18.2-darwin-arm64.tar.gz"
url_api = "https://api.github.com/repos/LuaLS/lua-language-server/releases/assets/396268945"

[tools.lua-language-server."platforms.macos-x64"]
checksum = "sha256:e26cfefe423dd7326fc7c649539e4d4aaa4f35f34d2fefd8af2ed7090b72c556"
url = "https://github.com/LuaLS/lua-language-server/releases/download/3.18.2/lua-language-server-3.18.2-darwin-x64.tar.gz"
url_api = "https://api.github.com/repos/LuaLS/lua-language-server/releases/assets/396267609"

[tools.lua-language-server."platforms.windows-x64"]
checksum = "sha256:a4439a8f5e8e9e6505c11f045a7bf45db602124a1e246371c1dbe34924f3cf71"
url = "https://github.com/LuaLS/lua-language-server/releases/download/3.18.2/lua-language-server-3.18.2-win32-x64.zip"
url_api = "https://api.github.com/repos/LuaLS/lua-language-server/releases/assets/396269455"

[[tools.marksman]]
version = "2026-02-08"
backend = "aqua:artempyanykh/marksman"

[tools.marksman."platforms.linux-arm64"]
checksum = "sha256:db8e124527f7f8048e3e6c91821b9c52ef173d92c01e47d221bf1337afd962fb"
url = "https://github.com/artempyanykh/marksman/releases/download/2026-02-08/marksman-linux-arm64"
url_api = "https://api.github.com/repos/artempyanykh/marksman/releases/assets/352747912"

[tools.marksman."platforms.linux-arm64-musl"]
checksum = "sha256:cd3b91b630042cc09b20505583203f875fbb4bf2fdf74dd6d87fddc3238d2798"
url = "https://github.com/artempyanykh/marksman/releases/download/2026-02-08/marksman-linux-musl-arm64"
url_api = "https://api.github.com/repos/artempyanykh/marksman/releases/assets/352747925"

[tools.marksman."platforms.linux-x64"]
checksum = "sha256:be5098e8213219269c47fc0d916a66fa31ce0602ec967475c722260aabf26087"
url = "https://github.com/artempyanykh/marksman/releases/download/2026-02-08/marksman-linux-x64"
url_api = "https://api.github.com/repos/artempyanykh/marksman/releases/assets/352747902"

[tools.marksman."platforms.linux-x64-musl"]
checksum = "sha256:d33df4544bb1f9f1b93b862ea78375ca8c04cd467ed2bcee354d605fc483ceee"
url = "https://github.com/artempyanykh/marksman/releases/download/2026-02-08/marksman-linux-musl-x64"
url_api = "https://api.github.com/repos/artempyanykh/marksman/releases/assets/352747928"

[tools.marksman."platforms.macos-arm64"]
checksum = "sha256:6a801c17b5ac0dba69787c5282b3b3bd416e66c96253fae098d311c6bbd1833b"
url = "https://github.com/artempyanykh/marksman/releases/download/2026-02-08/marksman-macos"
url_api = "https://api.github.com/repos/artempyanykh/marksman/releases/assets/352747961"

[tools.marksman."platforms.macos-x64"]
checksum = "sha256:6a801c17b5ac0dba69787c5282b3b3bd416e66c96253fae098d311c6bbd1833b"
url = "https://github.com/artempyanykh/marksman/releases/download/2026-02-08/marksman-macos"
url_api = "https://api.github.com/repos/artempyanykh/marksman/releases/assets/352747961"

[tools.marksman."platforms.windows-x64"]
checksum = "sha256:a6d05beb08ebe41b0a9f09c98a438540421436fa5531424c22e0bb1d22529705"
url = "https://github.com/artempyanykh/marksman/releases/download/2026-02-08/marksman.exe"
url_api = "https://api.github.com/repos/artempyanykh/marksman/releases/assets/352747911"

[[tools."npm:@ansible/ansible-language-server"]]
version = "26.6.0"
backend = "npm:@ansible/ansible-language-server"

[[tools."npm:@astrojs/language-server"]]
version = "2.16.13"
backend = "npm:@astrojs/language-server"

[[tools."npm:@fsouza/prettierd"]]
version = "0.29.0"
backend = "npm:@fsouza/prettierd"

[[tools."npm:@vue/language-server"]]
version = "3.3.9"
backend = "npm:@vue/language-server"

[tools."npm:@vue/language-server".options]
pnpm_args = "@vue/typescript-plugin"

[[tools."npm:bash-language-server"]]
version = "5.6.0"
backend = "npm:bash-language-server"

[[tools."npm:dockerfile-language-server-nodejs"]]
version = "0.15.0"
backend = "npm:dockerfile-language-server-nodejs"

[[tools."npm:emmet-ls"]]
version = "0.4.2"
backend = "npm:emmet-ls"

[[tools."npm:pyright"]]
version = "1.1.411"
backend = "npm:pyright"

[[tools."npm:typescript-language-server"]]
version = "5.3.0"
backend = "npm:typescript-language-server"

[[tools."npm:vscode-langservers-extracted"]]
version = "4.10.0"
backend = "npm:vscode-langservers-extracted"

[tools."npm:vscode-langservers-extracted".options]
pnpm_args = "--config.node-linker=hoisted"

[[tools."npm:yaml-language-server"]]
version = "1.24.0"
backend = "npm:yaml-language-server"

[[tools."pipx:ansible-lint"]]
version = "26.6.0"
backend = "pipx:ansible-lint"

[[tools.ruff]]
version = "0.16.1"
backend = "aqua:astral-sh/ruff"

[tools.ruff."platforms.linux-arm64"]
checksum = "sha256:5929d9f37fc518a3825f33a76ad8092c0555ca045ca1dbf5e680038a402c840c"
url = "https://github.com/astral-sh/ruff/releases/download/0.16.1/ruff-aarch64-unknown-linux-musl.tar.gz"
url_api = "https://api.github.com/repos/astral-sh/ruff/releases/assets/495779006"
provenance = "github-attestations"

[tools.ruff."platforms.linux-arm64-musl"]
checksum = "sha256:5929d9f37fc518a3825f33a76ad8092c0555ca045ca1dbf5e680038a402c840c"
url = "https://github.com/astral-sh/ruff/releases/download/0.16.1/ruff-aarch64-unknown-linux-musl.tar.gz"
url_api = "https://api.github.com/repos/astral-sh/ruff/releases/assets/495779006"
provenance = "github-attestations"

[tools.ruff."platforms.linux-x64"]
checksum = "sha256:23469683052cd2db1589f15032dd1751b2a3f212062e9fc901b0776d25fb36bc"
url = "https://github.com/astral-sh/ruff/releases/download/0.16.1/ruff-x86_64-unknown-linux-musl.tar.gz"
url_api = "https://api.github.com/repos/astral-sh/ruff/releases/assets/495779139"
provenance = "github-attestations"

[tools.ruff."platforms.linux-x64-musl"]
checksum = "sha256:23469683052cd2db1589f15032dd1751b2a3f212062e9fc901b0776d25fb36bc"
url = "https://github.com/astral-sh/ruff/releases/download/0.16.1/ruff-x86_64-unknown-linux-musl.tar.gz"
url_api = "https://api.github.com/repos/astral-sh/ruff/releases/assets/495779139"
provenance = "github-attestations"

[tools.ruff."platforms.macos-arm64"]
checksum = "sha256:a8df4e8e9f22e3b0ae0b9f165ddaafb7e34df692197a6c1a361e7426f90681d5"
url = "https://github.com/astral-sh/ruff/releases/download/0.16.1/ruff-aarch64-apple-darwin.tar.gz"
url_api = "https://api.github.com/repos/astral-sh/ruff/releases/assets/495778992"
provenance = "github-attestations"

[tools.ruff."platforms.macos-x64"]
checksum = "sha256:00396fb9db4cb04e07ad277e6b10d845e6767f0a2aae67e1a57aa65fa01334f0"
url = "https://github.com/astral-sh/ruff/releases/download/0.16.1/ruff-x86_64-apple-darwin.tar.gz"
url_api = "https://api.github.com/repos/astral-sh/ruff/releases/assets/495779121"
provenance = "github-attestations"

[tools.ruff."platforms.windows-x64"]
checksum = "sha256:f37898d133acba7df8cbd130abc3b58b98243d7f3ab751087193dde8887955c4"
url = "https://github.com/astral-sh/ruff/releases/download/0.16.1/ruff-x86_64-pc-windows-msvc.zip"
url_api = "https://api.github.com/repos/astral-sh/ruff/releases/assets/495779128"
provenance = "github-attestations"

[[tools.shellcheck]]
version = "0.11.0"
backend = "aqua:koalaman/shellcheck"

[tools.shellcheck."platforms.linux-arm64"]
checksum = "sha256:12b331c1d2db6b9eb13cfca64306b1b157a86eb69db83023e261eaa7e7c14588"
url = "https://github.com/koalaman/shellcheck/releases/download/v0.11.0/shellcheck-v0.11.0.linux.aarch64.tar.xz"
url_api = "https://api.github.com/repos/koalaman/shellcheck/releases/assets/279056934"

[tools.shellcheck."platforms.linux-arm64-musl"]
checksum = "sha256:12b331c1d2db6b9eb13cfca64306b1b157a86eb69db83023e261eaa7e7c14588"
url = "https://github.com/koalaman/shellcheck/releases/download/v0.11.0/shellcheck-v0.11.0.linux.aarch64.tar.xz"
url_api = "https://api.github.com/repos/koalaman/shellcheck/releases/assets/279056934"

[tools.shellcheck."platforms.linux-x64"]
checksum = "sha256:8c3be12b05d5c177a04c29e3c78ce89ac86f1595681cab149b65b97c4e227198"
url = "https://github.com/koalaman/shellcheck/releases/download/v0.11.0/shellcheck-v0.11.0.linux.x86_64.tar.xz"
url_api = "https://api.github.com/repos/koalaman/shellcheck/releases/assets/279056942"

[tools.shellcheck."platforms.linux-x64-musl"]
checksum = "sha256:8c3be12b05d5c177a04c29e3c78ce89ac86f1595681cab149b65b97c4e227198"
url = "https://github.com/koalaman/shellcheck/releases/download/v0.11.0/shellcheck-v0.11.0.linux.x86_64.tar.xz"
url_api = "https://api.github.com/repos/koalaman/shellcheck/releases/assets/279056942"

[tools.shellcheck."platforms.macos-arm64"]
checksum = "sha256:56affdd8de5527894dca6dc3d7e0a99a873b0f004d7aabc30ae407d3f48b0a79"
url = "https://github.com/koalaman/shellcheck/releases/download/v0.11.0/shellcheck-v0.11.0.darwin.aarch64.tar.xz"
url_api = "https://api.github.com/repos/koalaman/shellcheck/releases/assets/279056932"

[tools.shellcheck."platforms.macos-x64"]
checksum = "sha256:3c89db4edcab7cf1c27bff178882e0f6f27f7afdf54e859fa041fca10febe4c6"
url = "https://github.com/koalaman/shellcheck/releases/download/v0.11.0/shellcheck-v0.11.0.darwin.x86_64.tar.xz"
url_api = "https://api.github.com/repos/koalaman/shellcheck/releases/assets/279056930"

[tools.shellcheck."platforms.windows-x64"]
checksum = "sha256:8a4e35ab0b331c85d73567b12f2a444df187f483e5079ceffa6bda1faa2e740e"
url = "https://github.com/koalaman/shellcheck/releases/download/v0.11.0/shellcheck-v0.11.0.zip"
url_api = "https://api.github.com/repos/koalaman/shellcheck/releases/assets/279056944"

[[tools.shfmt]]
version = "3.13.1"
backend = "aqua:mvdan/sh"

[tools.shfmt."platforms.linux-arm64"]
checksum = "sha256:32d92acaa5cd8abb29fc49dac123dc412442d5713967819d8af2c29f1b3857c7"
url = "https://github.com/mvdan/sh/releases/download/v3.13.1/shfmt_v3.13.1_linux_arm64"
url_api = "https://api.github.com/repos/mvdan/sh/releases/assets/390322859"

[tools.shfmt."platforms.linux-arm64-musl"]
checksum = "sha256:32d92acaa5cd8abb29fc49dac123dc412442d5713967819d8af2c29f1b3857c7"
url = "https://github.com/mvdan/sh/releases/download/v3.13.1/shfmt_v3.13.1_linux_arm64"
url_api = "https://api.github.com/repos/mvdan/sh/releases/assets/390322859"

[tools.shfmt."platforms.linux-x64"]
checksum = "sha256:fb096c5d1ac6beabbdbaa2874d025badb03ee07929f0c9ff67563ce8c75398b1"
url = "https://github.com/mvdan/sh/releases/download/v3.13.1/shfmt_v3.13.1_linux_amd64"
url_api = "https://api.github.com/repos/mvdan/sh/releases/assets/390322866"

[tools.shfmt."platforms.linux-x64-musl"]
checksum = "sha256:fb096c5d1ac6beabbdbaa2874d025badb03ee07929f0c9ff67563ce8c75398b1"
url = "https://github.com/mvdan/sh/releases/download/v3.13.1/shfmt_v3.13.1_linux_amd64"
url_api = "https://api.github.com/repos/mvdan/sh/releases/assets/390322866"

[tools.shfmt."platforms.macos-arm64"]
checksum = "sha256:9680526be4a66ea1ffe988ed08af58e1400fe1e4f4aef5bd88b20bb9b3da33f8"
url = "https://github.com/mvdan/sh/releases/download/v3.13.1/shfmt_v3.13.1_darwin_arm64"
url_api = "https://api.github.com/repos/mvdan/sh/releases/assets/390322881"

[tools.shfmt."platforms.macos-x64"]
checksum = "sha256:6feedafc72915794163114f512348e2437d080d0047ef8b8fa2ec63b575f12af"
url = "https://github.com/mvdan/sh/releases/download/v3.13.1/shfmt_v3.13.1_darwin_amd64"
url_api = "https://api.github.com/repos/mvdan/sh/releases/assets/390322886"

[tools.shfmt."platforms.windows-x64"]
checksum = "sha256:60cd368533d0ad73fa86d93d5bbf95ef40587245ce684ed138c1b31557b5fe97"
url = "https://github.com/mvdan/sh/releases/download/v3.13.1/shfmt_v3.13.1_windows_amd64.exe"
url_api = "https://api.github.com/repos/mvdan/sh/releases/assets/390322844"

[[tools.stylua]]
version = "2.5.2"
backend = "aqua:JohnnyMorganz/StyLua"

[tools.stylua."platforms.linux-arm64"]
checksum = "sha256:0ef2ebf0b7e5a652b65c4cb96c6d9ffb3981a98547de3c764465bbf54a8d761a"
url = "https://github.com/JohnnyMorganz/StyLua/releases/download/v2.5.2/stylua-linux-aarch64.zip"
url_api = "https://api.github.com/repos/JohnnyMorganz/StyLua/releases/assets/421900973"

[tools.stylua."platforms.linux-arm64-musl"]
checksum = "sha256:b948df6b4bae41af9a70948174372f96a3c14d44e3e017288701539f3db8fb75"
url = "https://github.com/JohnnyMorganz/StyLua/releases/download/v2.5.2/stylua-linux-aarch64-musl.zip"
url_api = "https://api.github.com/repos/JohnnyMorganz/StyLua/releases/assets/421900982"

[tools.stylua."platforms.linux-x64"]
checksum = "sha256:ca6f1cf52eaf69e6632b81acef9c197aa24b85eb30d2455a35e7dbe28ae77c72"
url = "https://github.com/JohnnyMorganz/StyLua/releases/download/v2.5.2/stylua-linux-x86_64-musl.zip"
url_api = "https://api.github.com/repos/JohnnyMorganz/StyLua/releases/assets/421901066"

[tools.stylua."platforms.linux-x64-musl"]
checksum = "sha256:ca6f1cf52eaf69e6632b81acef9c197aa24b85eb30d2455a35e7dbe28ae77c72"
url = "https://github.com/JohnnyMorganz/StyLua/releases/download/v2.5.2/stylua-linux-x86_64-musl.zip"
url_api = "https://api.github.com/repos/JohnnyMorganz/StyLua/releases/assets/421901066"

[tools.stylua."platforms.macos-arm64"]
checksum = "sha256:92ff0889e16324801bc072692974bb67f8161e62010fc90f96c62a17f81f32c7"
url = "https://github.com/JohnnyMorganz/StyLua/releases/download/v2.5.2/stylua-macos-aarch64.zip"
url_api = "https://api.github.com/repos/JohnnyMorganz/StyLua/releases/assets/421901102"

[tools.stylua."platforms.macos-x64"]
checksum = "sha256:53c50a1605d0a6345d160a1a5a21db40bcf2bf9cd23c17f7c277a63a1bff3a7f"
url = "https://github.com/JohnnyMorganz/StyLua/releases/download/v2.5.2/stylua-macos-x86_64.zip"
url_api = "https://api.github.com/repos/JohnnyMorganz/StyLua/releases/assets/421901085"

[tools.stylua."platforms.windows-x64"]
checksum = "sha256:e77d0ea1226b8b389b43f702240091249a96eea25857281f90ea24d0eb9eb969"
url = "https://github.com/JohnnyMorganz/StyLua/releases/download/v2.5.2/stylua-windows-x86_64.zip"
url_api = "https://api.github.com/repos/JohnnyMorganz/StyLua/releases/assets/421902292"

[[tools.taplo]]
version = "0.10.0"
backend = "aqua:tamasfe/taplo"

[tools.taplo."platforms.linux-arm64"]
url = "https://github.com/tamasfe/taplo/releases/download/0.10.0/taplo-linux-aarch64.gz"
url_api = "https://api.github.com/repos/tamasfe/taplo/releases/assets/257322597"

[tools.taplo."platforms.linux-arm64-musl"]
url = "https://github.com/tamasfe/taplo/releases/download/0.10.0/taplo-linux-aarch64.gz"
url_api = "https://api.github.com/repos/tamasfe/taplo/releases/assets/257322597"

[tools.taplo."platforms.linux-x64"]
url = "https://github.com/tamasfe/taplo/releases/download/0.10.0/taplo-linux-x86_64.gz"
url_api = "https://api.github.com/repos/tamasfe/taplo/releases/assets/257322600"

[tools.taplo."platforms.linux-x64-musl"]
url = "https://github.com/tamasfe/taplo/releases/download/0.10.0/taplo-linux-x86_64.gz"
url_api = "https://api.github.com/repos/tamasfe/taplo/releases/assets/257322600"

[tools.taplo."platforms.macos-arm64"]
url = "https://github.com/tamasfe/taplo/releases/download/0.10.0/taplo-darwin-aarch64.gz"
url_api = "https://api.github.com/repos/tamasfe/taplo/releases/assets/257323110"

[tools.taplo."platforms.macos-x64"]
url = "https://github.com/tamasfe/taplo/releases/download/0.10.0/taplo-darwin-x86_64.gz"
url_api = "https://api.github.com/repos/tamasfe/taplo/releases/assets/257323116"

[tools.taplo."platforms.windows-x64"]
url = "https://github.com/tamasfe/taplo/releases/download/0.10.0/taplo-windows-x86_64.zip"
url_api = "https://api.github.com/repos/tamasfe/taplo/releases/assets/257323062"

[[tools.terraform-ls]]
version = "0.39.0"
backend = "aqua:hashicorp/terraform-ls"

[tools.terraform-ls."platforms.linux-arm64"]
checksum = "sha256:62f32ea22cb78e5e5667ed638ad6e0fbde30ab59228d073c3c9bb249f89c7f5a"
url = "https://releases.hashicorp.com/terraform-ls/0.39.0/terraform-ls_0.39.0_linux_arm64.zip"

[tools.terraform-ls."platforms.linux-arm64-musl"]
checksum = "sha256:62f32ea22cb78e5e5667ed638ad6e0fbde30ab59228d073c3c9bb249f89c7f5a"
url = "https://releases.hashicorp.com/terraform-ls/0.39.0/terraform-ls_0.39.0_linux_arm64.zip"

[tools.terraform-ls."platforms.linux-x64"]
checksum = "sha256:7750edc736845fd8c04ff0fc6332423c12d8275b358668c8c17e8aedc43ef971"
url = "https://releases.hashicorp.com/terraform-ls/0.39.0/terraform-ls_0.39.0_linux_amd64.zip"

[tools.terraform-ls."platforms.linux-x64-musl"]
checksum = "sha256:7750edc736845fd8c04ff0fc6332423c12d8275b358668c8c17e8aedc43ef971"
url = "https://releases.hashicorp.com/terraform-ls/0.39.0/terraform-ls_0.39.0_linux_amd64.zip"

[tools.terraform-ls."platforms.macos-arm64"]
checksum = "sha256:6f80fe0b34af184175508f3d9135d8159f5dce4000d9b39540553eb1c267c54b"
url = "https://releases.hashicorp.com/terraform-ls/0.39.0/terraform-ls_0.39.0_darwin_arm64.zip"

[tools.terraform-ls."platforms.macos-x64"]
checksum = "sha256:cc5bbc5b5a39d12d455c0d2b1e4b3a2c1f237d02d2cf819cf5252358f2d674de"
url = "https://releases.hashicorp.com/terraform-ls/0.39.0/terraform-ls_0.39.0_darwin_amd64.zip"

[tools.terraform-ls."platforms.windows-x64"]
checksum = "sha256:6edc885fe113f6a7fd049622ed0bd255141e68c84acc2fce1bb6a54c1f47bfe1"
url = "https://releases.hashicorp.com/terraform-ls/0.39.0/terraform-ls_0.39.0_windows_amd64.zip"

[[tools.tflint]]
version = "0.64.0"
backend = "aqua:terraform-linters/tflint"

[tools.tflint."platforms.linux-arm64"]
checksum = "sha256:560da89aacf59389d4eb029730dd5b109b7288096c32f2726a0d9e783a5ea8eb"
url = "https://github.com/terraform-linters/tflint/releases/download/v0.64.0/tflint_linux_arm64.zip"
url_api = "https://api.github.com/repos/terraform-linters/tflint/releases/assets/480528325"
provenance = "github-attestations"

[tools.tflint."platforms.linux-arm64-musl"]
checksum = "sha256:560da89aacf59389d4eb029730dd5b109b7288096c32f2726a0d9e783a5ea8eb"
url = "https://github.com/terraform-linters/tflint/releases/download/v0.64.0/tflint_linux_arm64.zip"
url_api = "https://api.github.com/repos/terraform-linters/tflint/releases/assets/480528325"
provenance = "github-attestations"

[tools.tflint."platforms.linux-x64"]
checksum = "sha256:cca9d13e2e1d7a2c627af60ff899a3c9b74212899416aeb96ec764d2ef954537"
url = "https://github.com/terraform-linters/tflint/releases/download/v0.64.0/tflint_linux_amd64.zip"
url_api = "https://api.github.com/repos/terraform-linters/tflint/releases/assets/480528344"
provenance = "github-attestations"

[tools.tflint."platforms.linux-x64-musl"]
checksum = "sha256:cca9d13e2e1d7a2c627af60ff899a3c9b74212899416aeb96ec764d2ef954537"
url = "https://github.com/terraform-linters/tflint/releases/download/v0.64.0/tflint_linux_amd64.zip"
url_api = "https://api.github.com/repos/terraform-linters/tflint/releases/assets/480528344"
provenance = "github-attestations"

[tools.tflint."platforms.macos-arm64"]
checksum = "sha256:2496e9cb3d24992d553b45e7c87a0fdc9449ca975233876247a9bfeda857e6c0"
url = "https://github.com/terraform-linters/tflint/releases/download/v0.64.0/tflint_darwin_arm64.zip"
url_api = "https://api.github.com/repos/terraform-linters/tflint/releases/assets/480528349"
provenance = "github-attestations"

[tools.tflint."platforms.macos-x64"]
checksum = "sha256:0f3a9fd17526014646a2dfc3f9122f7b4161abe3d6b0f0f03f9014483ddf4d19"
url = "https://github.com/terraform-linters/tflint/releases/download/v0.64.0/tflint_darwin_amd64.zip"
url_api = "https://api.github.com/repos/terraform-linters/tflint/releases/assets/480528324"
provenance = "github-attestations"

[tools.tflint."platforms.windows-x64"]
checksum = "sha256:fb42fb859d844b156a8ea9d3363078c4d8b85ca78782e60876b08c9b8e59f303"
url = "https://github.com/terraform-linters/tflint/releases/download/v0.64.0/tflint_windows_amd64.zip"
url_api = "https://api.github.com/repos/terraform-linters/tflint/releases/assets/480528323"
provenance = "github-attestations"

[[tools.tinymist]]
version = "0.15.2"
backend = "aqua:Myriad-Dreamin/tinymist"

[tools.tinymist."platforms.linux-arm64"]
checksum = "sha256:b358ed82e9102c9271e9be4be8cd1f25d3ab08276b73238b3c1106e9e28e9f68"
url = "https://github.com/Myriad-Dreamin/tinymist/releases/download/v0.15.2/tinymist-linux-arm64"
url_api = "https://api.github.com/repos/Myriad-Dreamin/tinymist/releases/assets/454537397"

[tools.tinymist."platforms.linux-arm64-musl"]
checksum = "sha256:b358ed82e9102c9271e9be4be8cd1f25d3ab08276b73238b3c1106e9e28e9f68"
url = "https://github.com/Myriad-Dreamin/tinymist/releases/download/v0.15.2/tinymist-linux-arm64"
url_api = "https://api.github.com/repos/Myriad-Dreamin/tinymist/releases/assets/454537397"

[tools.tinymist."platforms.linux-x64"]
checksum = "sha256:f5e275c6289a5c4b45ca211abde329dd662b03f2c4aca2299d6c154b81135684"
url = "https://github.com/Myriad-Dreamin/tinymist/releases/download/v0.15.2/tinymist-linux-x64"
url_api = "https://api.github.com/repos/Myriad-Dreamin/tinymist/releases/assets/454537259"

[tools.tinymist."platforms.linux-x64-musl"]
checksum = "sha256:f5e275c6289a5c4b45ca211abde329dd662b03f2c4aca2299d6c154b81135684"
url = "https://github.com/Myriad-Dreamin/tinymist/releases/download/v0.15.2/tinymist-linux-x64"
url_api = "https://api.github.com/repos/Myriad-Dreamin/tinymist/releases/assets/454537259"

[tools.tinymist."platforms.macos-arm64"]
checksum = "sha256:37fe82e44a2e0bb213132449eb24fe119b918b8a4e4c86fa4faea3b09b9e23f2"
url = "https://github.com/Myriad-Dreamin/tinymist/releases/download/v0.15.2/tinymist-darwin-arm64"
url_api = "https://api.github.com/repos/Myriad-Dreamin/tinymist/releases/assets/454537477"

[tools.tinymist."platforms.macos-x64"]
checksum = "sha256:8deedf0de44e59fbd2703e0fd19ae9ea3fbb809d8efc5b578bb999fb49226983"
url = "https://github.com/Myriad-Dreamin/tinymist/releases/download/v0.15.2/tinymist-darwin-x64"
url_api = "https://api.github.com/repos/Myriad-Dreamin/tinymist/releases/assets/454537435"

[tools.tinymist."platforms.windows-x64"]
checksum = "sha256:8780ed5076135f5afb11a03e6215d43659c193bc649634aff9b9dc91d77200a8"
url = "https://github.com/Myriad-Dreamin/tinymist/releases/download/v0.15.2/tinymist-win32-x64.exe"
url_api = "https://api.github.com/repos/Myriad-Dreamin/tinymist/releases/assets/454537125"
